
Microsoft Visual Studio Solution File, Format Version 12.00
# Visual Studio 15
VisualStudioVersion = 15.0.27703.2047
MinimumVisualStudioVersion = 10.0.40219.1
Project("{FAE04EC0-301F-11D3-BF4B-00C04F79EFBC}") = "FinalProject.Android", "FinalProject\FinalProject.Android\FinalProject.Android.csproj", "{08F97CDB-0FB4-43F1-B730-22E5022B268B}"
EndProject
Project("{FAE04EC0-301F-11D3-BF4B-00C04F79EFBC}") = "FinalProject.iOS", "FinalProject\FinalProject.iOS\FinalProject.iOS.csproj", "{9614A499-91F8-44BD-98C1-CA922D4CEEB8}"
EndProject
Project("{FAE04EC0-301F-11D3-BF4B-00C04F79EFBC}") = "FinalProject", "FinalProject\FinalProject\FinalProject.csproj", "{64D691F5-0353-40F8-8D68-FFE9C5B678ED}"
EndProject
Global
	GlobalSection(SolutionConfigurationPlatforms) = preSolution
		Ad-Hoc|Any CPU = Ad-Hoc|Any CPU
		Ad-Hoc|iPhone = Ad-Hoc|iPhone
		Ad-Hoc|iPhoneSimulator = Ad-Hoc|iPhoneSimulator
		AppStore|Any CPU = AppStore|Any CPU
		AppStore|iPhone = AppStore|iPhone
		AppStore|iPhoneSimulator = AppStore|iPhoneSimulator
		Debug|Any CPU = Debug|Any CPU
		Debug|iPhone = Debug|iPhone
		Debug|iPhoneSimulator = Debug|iPhoneSimulator
		Release|Any CPU = Release|Any CPU
		Release|iPhone = Release|iPhone
		Release|iPhoneSimulator = Release|iPhoneSimulator
	EndGlobalSection
	GlobalSection(ProjectConfigurationPlatforms) = postSolution
		{08F97CDB-0FB4-43F1-B730-22E5022B268B}.Ad-Hoc|Any CPU.ActiveCfg = Release|Any CPU
		{08F97CDB-0FB4-43F1-B730-22E5022B268B}.Ad-Hoc|Any CPU.Build.0 = Release|Any CPU
		{08F97CDB-0FB4-43F1-B730-22E5022B268B}.Ad-Hoc|Any CPU.Deploy.0 = Release|Any CPU
		{08F97CDB-0FB4-43F1-B730-22E5022B268B}.Ad-Hoc|iPhone.ActiveCfg = Release|Any CPU
		{08F97CDB-0FB4-43F1-B730-22E5022B268B}.Ad-Hoc|iPhone.Build.0 = Release|Any CPU
		{08F97CDB-0FB4-43F1-B730-22E5022B268B}.Ad-Hoc|iPhone.Deploy.0 = Release|Any CPU
		{08F97CDB-0FB4-43F1-B730-22E5022B268B}.Ad-Hoc|iPhoneSimulator.ActiveCfg = Release|Any CPU
		{08F97CDB-0FB4-43F1-B730-22E5022B268B}.Ad-Hoc|iPhoneSimulator.Build.0 = Release|Any CPU
		{08F97CDB-0FB4-43F1-B730-22E5022B268B}.Ad-Hoc|iPhoneSimulator.Deploy.0 = Release|Any CPU
		{08F97CDB-0FB4-43F1-B730-22E5022B268B}.AppStore|Any CPU.ActiveCfg = Release|Any CPU
		{08F97CDB-0FB4-43F1-B730-22E5022B268B}.AppStore|Any CPU.Build.0 = Release|Any CPU
		{08F97CDB-0FB4-43F1-B730-22E5022B268B}.AppStore|Any CPU.Deploy.0 = Release|Any CPU
		{08F97CDB-0FB4-43F1-B730-22E5022B268B}.AppStore|iPhone.ActiveCfg = Release|Any CPU
		{08F97CDB-0FB4-43F1-B730-22E5022B268B}.AppStore|iPhone.Build.0 = Release|Any CPU
		{08F97CDB-0FB4-43F1-B730-22E5022B268B}.AppStore|iPhone.Deploy.0 = Release|Any CPU
		{08F97CDB-0FB4-43F1-B730-22E5022B268B}.AppStore|iPhoneSimulator.ActiveCfg = Release|Any CPU
		{08F97CDB-0FB4-43F1-B730-22E5022B268B}.AppStore|iPhoneSimulator.Build.0 = Release|Any CPU
		{08F97CDB-0FB4-43F1-B730-22E5022B268B}.AppStore|iPhoneSimulator.Deploy.0 = Release|Any CPU
		{08F97CDB-0FB4-43F1-B730-22E5022B268B}.Debug|Any CPU.ActiveCfg = Debug|Any CPU
		{08F97CDB-0FB4-43F1-B730-22E5022B268B}.Debug|Any CPU.Build.0 = Debug|Any CPU
		{08F97CDB-0FB4-43F1-B730-22E5022B268B}.Debug|Any CPU.Deploy.0 = Debug|Any CPU
		{08F97CDB-0FB4-43F1-B730-22E5022B268B}.Debug|iPhone.ActiveCfg = Debug|Any CPU
		{08F97CDB-0FB4-43F1-B730-22E5022B268B}.Debug|iPhone.Build.0 = Debug|Any CPU
		{08F97CDB-0FB4-43F1-B730-22E5022B268B}.Debug|iPhone.Deploy.0 = Debug|Any CPU
		{08F97CDB-0FB4-43F1-B730-22E5022B268B}.Debug|iPhoneSimulator.ActiveCfg = Debug|Any CPU
		{08F97CDB-0FB4-43F1-B730-22E5022B268B}.Debug|iPhoneSimulator.Build.0 = Debug|Any CPU
		{08F97CDB-0FB4-43F1-B730-22E5022B268B}.Debug|iPhoneSimulator.Deploy.0 = Debug|Any CPU
		{08F97CDB-0FB4-43F1-B730-22E5022B268B}.Release|Any CPU.ActiveCfg = Release|Any CPU
		{08F97CDB-0FB4-43F1-B730-22E5022B268B}.Release|Any CPU.Build.0 = Release|Any CPU
		{08F97CDB-0FB4-43F1-B730-22E5022B268B}.Release|Any CPU.Deploy.0 = Release|Any CPU
		{08F97CDB-0FB4-43F1-B730-22E5022B268B}.Release|iPhone.ActiveCfg = Release|Any CPU
		{08F97CDB-0FB4-43F1-B730-22E5022B268B}.Release|iPhone.Build.0 = Release|Any CPU
		{08F97CDB-0FB4-43F1-B730-22E5022B268B}.Release|iPhone.Deploy.0 = Release|Any CPU
		{08F97CDB-0FB4-43F1-B730-22E5022B268B}.Release|iPhoneSimulator.ActiveCfg = Release|Any CPU
		{08F97CDB-0FB4-43F1-B730-22E5022B268B}.Release|iPhoneSimulator.Build.0 = Release|Any CPU
		{08F97CDB-0FB4-43F1-B730-22E5022B268B}.Release|iPhoneSimulator.Deploy.0 = Release|Any CPU
		{9614A499-91F8-44BD-98C1-CA922D4CEEB8}.Ad-Hoc|Any CPU.ActiveCfg = Ad-Hoc|iPhone
		{9614A499-91F8-44BD-98C1-CA922D4CEEB8}.Ad-Hoc|Any CPU.Build.0 = Ad-Hoc|iPhone
		{9614A499-91F8-44BD-98C1-CA922D4CEEB8}.Ad-Hoc|Any CPU.Deploy.0 = Ad-Hoc|iPhone
		{9614A499-91F8-44BD-98C1-CA922D4CEEB8}.Ad-Hoc|iPhone.ActiveCfg = Ad-Hoc|iPhone
		{9614A499-91F8-44BD-98C1-CA922D4CEEB8}.Ad-Hoc|iPhone.Build.0 = Ad-Hoc|iPhone
		{9614A499-91F8-44BD-98C1-CA922D4CEEB8}.Ad-Hoc|iPhone.Deploy.0 = Ad-Hoc|iPhone
		{9614A499-91F8-44BD-98C1-CA922D4CEEB8}.Ad-Hoc|iPhoneSimulator.ActiveCfg = Ad-Hoc|iPhoneSimulator
		{9614A499-91F8-44BD-98C1-CA922D4CEEB8}.Ad-Hoc|iPhoneSimulator.Build.0 = Ad-Hoc|iPhoneSimulator
		{9614A499-91F8-44BD-98C1-CA922D4CEEB8}.Ad-Hoc|iPhoneSimulator.Deploy.0 = Ad-Hoc|iPhoneSimulator
		{9614A499-91F8-44BD-98C1-CA922D4CEEB8}.AppStore|Any CPU.ActiveCfg = AppStore|iPhone
		{9614A499-91F8-44BD-98C1-CA922D4CEEB8}.AppStore|Any CPU.Build.0 = AppStore|iPhone
		{9614A499-91F8-44BD-98C1-CA922D4CEEB8}.AppStore|Any CPU.Deploy.0 = AppStore|iPhone
		{9614A499-91F8-44BD-98C1-CA922D4CEEB8}.AppStore|iPhone.ActiveCfg = AppStore|iPhone
		{9614A499-91F8-44BD-98C1-CA922D4CEEB8}.AppStore|iPhone.Build.0 = AppStore|iPhone
		{9614A499-91F8-44BD-98C1-CA922D4CEEB8}.AppStore|iPhone.Deploy.0 = AppStore|iPhone
		{9614A499-91F8-44BD-98C1-CA922D4CEEB8}.AppStore|iPhoneSimulator.ActiveCfg = AppStore|iPhoneSimulator
		{9614A499-91F8-44BD-98C1-CA922D4CEEB8}.AppStore|iPhoneSimulator.Build.0 = AppStore|iPhoneSimulator
		{9614A499-91F8-44BD-98C1-CA922D4CEEB8}.AppStore|iPhoneSimulator.Deploy.0 = AppStore|iPhoneSimulator
		{9614A499-91F8-44BD-98C1-CA922D4CEEB8}.Debug|Any CPU.ActiveCfg = Debug|iPhoneSimulator
		{9614A499-91F8-44BD-98C1-CA922D4CEEB8}.Debug|Any CPU.Build.0 = Debug|iPhoneSimulator
		{9614A499-91F8-44BD-98C1-CA922D4CEEB8}.Debug|Any CPU.Deploy.0 = Debug|iPhoneSimulator
		{9614A499-91F8-44BD-98C1-CA922D4CEEB8}.Debug|iPhone.ActiveCfg = Debug|iPhone
		{9614A499-91F8-44BD-98C1-CA922D4CEEB8}.Debug|iPhone.Build.0 = Debug|iPhone
		{9614A499-91F8-44BD-98C1-CA922D4CEEB8}.Debug|iPhone.Deploy.0 = Debug|iPhone
		{9614A499-91F8-44BD-98C1-CA922D4CEEB8}.Debug|iPhoneSimulator.ActiveCfg = Debug|iPhoneSimulator
		{9614A499-91F8-44BD-98C1-CA922D4CEEB8}.Debug|iPhoneSimulator.Build.0 = Debug|iPhoneSimulator
		{9614A499-91F8-44BD-98C1-CA922D4CEEB8}.Debug|iPhoneSimulator.Deploy.0 = Debug|iPhoneSimulator
		{9614A499-91F8-44BD-98C1-CA922D4CEEB8}.Release|Any CPU.ActiveCfg = Release|iPhone
		{9614A499-91F8-44BD-98C1-CA922D4CEEB8}.Release|Any CPU.Build.0 = Release|iPhone
		{9614A499-91F8-44BD-98C1-CA922D4CEEB8}.Release|Any CPU.Deploy.0 = Release|iPhone
		{9614A499-91F8-44BD-98C1-CA922D4CEEB8}.Release|iPhone.ActiveCfg = Release|iPhone
		{9614A499-91F8-44BD-98C1-CA922D4CEEB8}.Release|iPhone.Build.0 = Release|iPhone
		{9614A499-91F8-44BD-98C1-CA922D4CEEB8}.Release|iPhone.Deploy.0 = Release|iPhone
		{9614A499-91F8-44BD-98C1-CA922D4CEEB8}.Release|iPhoneSimulator.ActiveCfg = Release|iPhoneSimulator
		{9614A499-91F8-44BD-98C1-CA922D4CEEB8}.Release|iPhoneSimulator.Build.0 = Release|iPhoneSimulator
		{9614A499-91F8-44BD-98C1-CA922D4CEEB8}.Release|iPhoneSimulator.Deploy.0 = Release|iPhoneSimulator
		{64D691F5-0353-40F8-8D68-FFE9C5B678ED}.Ad-Hoc|Any CPU.ActiveCfg = Debug|Any CPU
		{64D691F5-0353-40F8-8D68-FFE9C5B678ED}.Ad-Hoc|Any CPU.Build.0 = Debug|Any CPU
		{64D691F5-0353-40F8-8D68-FFE9C5B678ED}.Ad-Hoc|Any CPU.Deploy.0 = Debug|Any CPU
		{64D691F5-0353-40F8-8D68-FFE9C5B678ED}.Ad-Hoc|iPhone.ActiveCfg = Debug|Any CPU
		{64D691F5-0353-40F8-8D68-FFE9C5B678ED}.Ad-Hoc|iPhone.Build.0 = Debug|Any CPU
		{64D691F5-0353-40F8-8D68-FFE9C5B678ED}.Ad-Hoc|iPhone.Deploy.0 = Debug|Any CPU
		{64D691F5-0353-40F8-8D68-FFE9C5B678ED}.Ad-Hoc|iPhoneSimulator.ActiveCfg = Debug|Any CPU
		{64D691F5-0353-40F8-8D68-FFE9C5B678ED}.Ad-Hoc|iPhoneSimulator.Build.0 = Debug|Any CPU
		{64D691F5-0353-40F8-8D68-FFE9C5B678ED}.Ad-Hoc|iPhoneSimulator.Deploy.0 = Debug|Any CPU
		{64D691F5-0353-40F8-8D68-FFE9C5B678ED}.AppStore|Any CPU.ActiveCfg = Debug|Any CPU
		{64D691F5-0353-40F8-8D68-FFE9C5B678ED}.AppStore|Any CPU.Build.0 = Debug|Any CPU
		{64D691F5-0353-40F8-8D68-FFE9C5B678ED}.AppStore|Any CPU.Deploy.0 = Debug|Any CPU
		{64D691F5-0353-40F8-8D68-FFE9C5B678ED}.AppStore|iPhone.ActiveCfg = Debug|Any CPU
		{64D691F5-0353-40F8-8D68-FFE9C5B678ED}.AppStore|iPhone.Build.0 = Debug|Any CPU
		{64D691F5-0353-40F8-8D68-FFE9C5B678ED}.AppStore|iPhone.Deploy.0 = Debug|Any CPU
		{64D691F5-0353-40F8-8D68-FFE9C5B678ED}.AppStore|iPhoneSimulator.ActiveCfg = Debug|Any CPU
		{64D691F5-0353-40F8-8D68-FFE9C5B678ED}.AppStore|iPhoneSimulator.Build.0 = Debug|Any CPU
		{64D691F5-0353-40F8-8D68-FFE9C5B678ED}.AppStore|iPhoneSimulator.Deploy.0 = Debug|Any CPU
		{64D691F5-0353-40F8-8D68-FFE9C5B678ED}.Debug|Any CPU.ActiveCfg = Debug|Any CPU
		{64D691F5-0353-40F8-8D68-FFE9C5B678ED}.Debug|Any CPU.Build.0 = Debug|Any CPU
		{64D691F5-0353-40F8-8D68-FFE9C5B678ED}.Debug|Any CPU.Deploy.0 = Debug|Any CPU
		{64D691F5-0353-40F8-8D68-FFE9C5B678ED}.Debug|iPhone.ActiveCfg = Debug|Any CPU
		{64D691F5-0353-40F8-8D68-FFE9C5B678ED}.Debug|iPhone.Build.0 = Debug|Any CPU
		{64D691F5-0353-40F8-8D68-FFE9C5B678ED}.Debug|iPhone.Deploy.0 = Debug|Any CPU
		{64D691F5-0353-40F8-8D68-FFE9C5B678ED}.Debug|iPhoneSimulator.ActiveCfg = Debug|Any CPU
		{64D691F5-0353-40F8-8D68-FFE9C5B678ED}.Debug|iPhoneSimulator.Build.0 = Debug|Any CPU
		{64D691F5-0353-40F8-8D68-FFE9C5B678ED}.Debug|iPhoneSimulator.Deploy.0 = Debug|Any CPU
		{64D691F5-0353-40F8-8D68-FFE9C5B678ED}.Release|Any CPU.ActiveCfg = Release|Any CPU
		{64D691F5-0353-40F8-8D68-FFE9C5B678ED}.Release|Any CPU.Build.0 = Release|Any CPU
		{64D691F5-0353-40F8-8D68-FFE9C5B678ED}.Release|Any CPU.Deploy.0 = Release|Any CPU
		{64D691F5-0353-40F8-8D68-FFE9C5B678ED}.Release|iPhone.ActiveCfg = Release|Any CPU
		{64D691F5-0353-40F8-8D68-FFE9C5B678ED}.Release|iPhone.Build.0 = Release|Any CPU
		{64D691F5-0353-40F8-8D68-FFE9C5B678ED}.Release|iPhone.Deploy.0 = Release|Any CPU
		{64D691F5-0353-40F8-8D68-FFE9C5B678ED}.Release|iPhoneSimulator.ActiveCfg = Release|Any CPU
		{64D691F5-0353-40F8-8D68-FFE9C5B678ED}.Release|iPhoneSimulator.Build.0 = Release|Any CPU
		{64D691F5-0353-40F8-8D68-FFE9C5B678ED}.Release|iPhoneSimulator.Deploy.0 = Release|Any CPU
	EndGlobalSection
	GlobalSection(SolutionProperties) = preSolution
		HideSolutionNode = FALSE
	EndGlobalSection
	GlobalSection(ExtensibilityGlobals) = postSolution
		SolutionGuid = {C855CDB1-4AE8-43D9-BC2E-3E44AD8C1F78}
	EndGlobalSection
EndGlobal
